
Microsoft Visual Studio Solution File, Format Version 12.00
# Visual Studio Version 16
VisualStudioVersion = 16.0.31613.86
MinimumVisualStudioVersion = 10.0.40219.1
Project("{FAE04EC0-301F-11D3-BF4B-00C04F79EFBC}") = "Actividad2Alum", "Actividad2Alum\Actividad2Alum.csproj", "{FAA8BF57-C159-4322-8F95-C866A6E0725B}"
EndProject
Global
	GlobalSection(SolutionConfigurationPlatforms) = preSolution
		Debug|Any CPU = Debug|Any CPU
		Release|Any CPU = Release|Any CPU
	EndGlobalSection
	GlobalSection(ProjectConfigurationPlatforms) = postSolution
		{FAA8BF57-C159-4322-8F95-C866A6E0725B}.Debug|Any CPU.ActiveCfg = Debug|Any CPU
		{FAA8BF57-C159-4322-8F95-C866A6E0725B}.Debug|Any CPU.Build.0 = Debug|Any CPU
		{FAA8BF57-C159-4322-8F95-C866A6E0725B}.Release|Any CPU.ActiveCfg = Release|Any CPU
		{FAA8BF57-C159-4322-8F95-C866A6E0725B}.Release|Any CPU.Build.0 = Release|Any CPU
	EndGlobalSection
	GlobalSection(SolutionProperties) = preSolution
		HideSolutionNode = FALSE
	EndGlobalSection
	GlobalSection(ExtensibilityGlobals) = postSolution
		SolutionGuid = {AFD42571-9CD2-4765-A831-8D7E55655339}
	EndGlobalSection
EndGlobal
